
Microsoft Visual Studio Solution File, Format Version 12.00
# Visual Studio Version 17
VisualStudioVersion = 17.5.002.0
MinimumVisualStudioVersion = 10.0.40219.1
Project("{9A19103F-16F7-4668-BE54-9A1E7A4F7556}") = "Project", "Project\Project.csproj", "{D6B8B840-626A-4ED0-89BD-6C0E5060D2C5}"
EndProject
Global
	GlobalSection(SolutionConfigurationPlatforms) = preSolution
		Debug|Any CPU = Debug|Any CPU
		Release|Any CPU = Release|Any CPU
	EndGlobalSection
	GlobalSection(ProjectConfigurationPlatforms) = postSolution
		{D6B8B840-626A-4ED0-89BD-6C0E5060D2C5}.Debug|Any CPU.ActiveCfg = Debug|Any CPU
		{D6B8B840-626A-4ED0-89BD-6C0E5060D2C5}.Debug|Any CPU.Build.0 = Debug|Any CPU
		{D6B8B840-626A-4ED0-89BD-6C0E5060D2C5}.Release|Any CPU.ActiveCfg = Release|Any CPU
		{D6B8B840-626A-4ED0-89BD-6C0E5060D2C5}.Release|Any CPU.Build.0 = Release|Any CPU
	EndGlobalSection
	GlobalSection(SolutionProperties) = preSolution
		HideSolutionNode = FALSE
	EndGlobalSection
	GlobalSection(ExtensibilityGlobals) = postSolution
		SolutionGuid = {0C64CCFA-6610-49C0-AED4-2CEE843B1109}
	EndGlobalSection
EndGlobal
